// !$*UTF8*$!
{
	archiveVersion = 1;
	classes = {
	};
	objectVersion = 46;
	objects = {

/* Begin PBXBuildFile section */
		EFAE8D44689888A45F64C954 /* libPods-BluShepherd.a in Frameworks */ = {isa = PBXBuildFile; fileRef = BD4B00C2B18922CD4A98B00D /* libPods-BluShepherd.a */; };
		F40B82351E19CB520057E7EB /* play_album_hover.png in Resources */ = {isa = PBXBuildFile; fileRef = F40B82301E19CB520057E7EB /* play_album_hover.png */; };
		F40B82361E19CB520057E7EB /* play_album_def.png in Resources */ = {isa = PBXBuildFile; fileRef = F40B82321E19CB520057E7EB /* play_album_def.png */; };
		F40B82451E19D03F0057E7EB /* shuffle_on.png in Resources */ = {isa = PBXBuildFile; fileRef = F40B82371E19D03F0057E7EB /* shuffle_on.png */; };
		F40B82461E19D03F0057E7EB /* shuffle.png in Resources */ = {isa = PBXBuildFile; fileRef = F40B82391E19D03F0057E7EB /* shuffle.png */; };
		F40B82471E19D03F0057E7EB /* repeat_1.png in Resources */ = {isa = PBXBuildFile; fileRef = F40B823B1E19D03F0057E7EB /* repeat_1.png */; };
		F40B82481E19D03F0057E7EB /* repeat_on.png in Resources */ = {isa = PBXBuildFile; fileRef = F40B823D1E19D03F0057E7EB /* repeat_on.png */; };
		F40B82491E19D03F0057E7EB /* repeat.png in Resources */ = {isa = PBXBuildFile; fileRef = F40B823F1E19D03F0057E7EB /* repeat.png */; };
		F40B824A1E19D03F0057E7EB /* bwd.png in Resources */ = {isa = PBXBuildFile; fileRef = F40B82411E19D03F0057E7EB /* bwd.png */; };
		F40B824B1E19D03F0057E7EB /* fwd.png in Resources */ = {isa = PBXBuildFile; fileRef = F40B82431E19D03F0057E7EB /* fwd.png */; };
		F41327961DFE569600BAABCD /* ClickableView.m in Sources */ = {isa = PBXBuildFile; fileRef = F41327951DFE569600BAABCD /* ClickableView.m */; };
		F4307D011DFE3D800010473B /* AlbumPopup.xib in Resources */ = {isa = PBXBuildFile; fileRef = F4307CFF1DFE3D800010473B /* AlbumPopup.xib */; };
		F43FB8311DF4C5BD002BBCAC /* CoverArtCache.m in Sources */ = {isa = PBXBuildFile; fileRef = F43FB8301DF4C5BD002BBCAC /* CoverArtCache.m */; };
		F4821AE51DEBC13300B322B9 /* LibraryDataSource.m in Sources */ = {isa = PBXBuildFile; fileRef = F4821AE41DEBC13300B322B9 /* LibraryDataSource.m */; };
		F4821AE81DEBC2B500B322B9 /* Album.xib in Resources */ = {isa = PBXBuildFile; fileRef = F4821AE61DEBC2B500B322B9 /* Album.xib */; };
		F4C601071DF52F4B00CA2177 /* HighlightButton.m in Sources */ = {isa = PBXBuildFile; fileRef = F4C601061DF52F4B00CA2177 /* HighlightButton.m */; };
		F4D56F921DEA47DF00E81BA4 /* AppDelegate.m in Sources */ = {isa = PBXBuildFile; fileRef = F4D56F911DEA47DF00E81BA4 /* AppDelegate.m */; };
		F4D56F951DEA47DF00E81BA4 /* main.m in Sources */ = {isa = PBXBuildFile; fileRef = F4D56F941DEA47DF00E81BA4 /* main.m */; };
		F4D56F971DEA47DF00E81BA4 /* Assets.xcassets in Resources */ = {isa = PBXBuildFile; fileRef = F4D56F961DEA47DF00E81BA4 /* Assets.xcassets */; };
		F4D56F9A1DEA47DF00E81BA4 /* MainMenu.xib in Resources */ = {isa = PBXBuildFile; fileRef = F4D56F981DEA47DF00E81BA4 /* MainMenu.xib */; };
		F4D56FA31DEA48FD00E81BA4 /* PlayerList.m in Sources */ = {isa = PBXBuildFile; fileRef = F4D56FA21DEA48FD00E81BA4 /* PlayerList.m */; };
		F4D56FA61DEA59AF00E81BA4 /* NSNetService-Util.m in Sources */ = {isa = PBXBuildFile; fileRef = F4D56FA51DEA59AF00E81BA4 /* NSNetService-Util.m */; };
		F4D56FAF1DEA6A4500E81BA4 /* Player.xib in Resources */ = {isa = PBXBuildFile; fileRef = F4D56FAD1DEA6A4500E81BA4 /* Player.xib */; };
		F4D56FB31DEAB62E00E81BA4 /* NowPlayingView.m in Sources */ = {isa = PBXBuildFile; fileRef = F4D56FB11DEAB62E00E81BA4 /* NowPlayingView.m */; };
		F4D56FB41DEAB62E00E81BA4 /* NowPlayingView.xib in Resources */ = {isa = PBXBuildFile; fileRef = F4D56FB21DEAB62E00E81BA4 /* NowPlayingView.xib */; };
		F4D56FB91DEB71D800E81BA4 /* pause.png in Resources */ = {isa = PBXBuildFile; fileRef = F4D56FB51DEB71D800E81BA4 /* pause.png */; };
		F4D56FBA1DEB71D800E81BA4 /* play.png in Resources */ = {isa = PBXBuildFile; fileRef = F4D56FB71DEB71D800E81BA4 /* play.png */; };
/* End PBXBuildFile section */

/* Begin PBXFileReference section */
		20C352302C60A4D8E37E3CB2 /* Pods-BluShepherd.debug.xcconfig */ = {isa = PBXFileReference; includeInIndex = 1; lastKnownFileType = text.xcconfig; name = "Pods-BluShepherd.debug.xcconfig"; path = "Pods/Target Support Files/Pods-BluShepherd/Pods-BluShepherd.debug.xcconfig"; sourceTree = "<group>"; };
		8763B75C1E79B4B4997CCAEF /* Pods-BluShepherd.release.xcconfig */ = {isa = PBXFileReference; includeInIndex = 1; lastKnownFileType = text.xcconfig; name = "Pods-BluShepherd.release.xcconfig"; path = "Pods/Target Support Files/Pods-BluShepherd/Pods-BluShepherd.release.xcconfig"; sourceTree = "<group>"; };
		BD4B00C2B18922CD4A98B00D /* libPods-BluShepherd.a */ = {isa = PBXFileReference; explicitFileType = archive.ar; includeInIndex = 0; path = "libPods-BluShepherd.a"; sourceTree = BUILT_PRODUCTS_DIR; };
		F40B82311E19CB520057E7EB /* Base */ = {isa = PBXFileReference; lastKnownFileType = image.png; name = Base; path = Base.lproj/play_album_hover.png; sourceTree = "<group>"; };
		F40B82331E19CB520057E7EB /* Base */ = {isa = PBXFileReference; lastKnownFileType = image.png; name = Base; path = Base.lproj/play_album_def.png; sourceTree = "<group>"; };
		F40B82381E19D03F0057E7EB /* Base */ = {isa = PBXFileReference; lastKnownFileType = image.png; name = Base; path = Base.lproj/shuffle_on.png; sourceTree = "<group>"; };
		F40B823A1E19D03F0057E7EB /* Base */ = {isa = PBXFileReference; lastKnownFileType = image.png; name = Base; path = Base.lproj/shuffle.png; sourceTree = "<group>"; };
		F40B823C1E19D03F0057E7EB /* Base */ = {isa = PBXFileReference; lastKnownFileType = image.png; name = Base; path = Base.lproj/repeat_1.png; sourceTree = "<group>"; };
		F40B823E1E19D03F0057E7EB /* Base */ = {isa = PBXFileReference; lastKnownFileType = image.png; name = Base; path = Base.lproj/repeat_on.png; sourceTree = "<group>"; };
		F40B82401E19D03F0057E7EB /* Base */ = {isa = PBXFileReference; lastKnownFileType = image.png; name = Base; path = Base.lproj/repeat.png; sourceTree = "<group>"; };
		F40B82421E19D03F0057E7EB /* Base */ = {isa = PBXFileReference; lastKnownFileType = image.png; name = Base; path = Base.lproj/bwd.png; sourceTree = "<group>"; };
		F40B82441E19D03F0057E7EB /* Base */ = {isa = PBXFileReference; lastKnownFileType = image.png; name = Base; path = Base.lproj/fwd.png; sourceTree = "<group>"; };
		F41327941DFE569600BAABCD /* ClickableView.h */ = {isa = PBXFileReference; fileEncoding = 4; lastKnownFileType = sourcecode.c.h; path = ClickableView.h; sourceTree = "<group>"; };
		F41327951DFE569600BAABCD /* ClickableView.m */ = {isa = PBXFileReference; fileEncoding = 4; lastKnownFileType = sourcecode.c.objc; path = ClickableView.m; sourceTree = "<group>"; };
		F4307D001DFE3D800010473B /* Base */ = {isa = PBXFileReference; lastKnownFileType = file.xib; name = Base; path = Base.lproj/AlbumPopup.xib; sourceTree = "<group>"; };
		F43FB82F1DF4C5BD002BBCAC /* CoverArtCache.h */ = {isa = PBXFileReference; fileEncoding = 4; lastKnownFileType = sourcecode.c.h; path = CoverArtCache.h; sourceTree = "<group>"; };
		F43FB8301DF4C5BD002BBCAC /* CoverArtCache.m */ = {isa = PBXFileReference; fileEncoding = 4; lastKnownFileType = sourcecode.c.objc; path = CoverArtCache.m; sourceTree = "<group>"; };
		F4821AE31DEBC13300B322B9 /* LibraryDataSource.h */ = {isa = PBXFileReference; fileEncoding = 4; lastKnownFileType = sourcecode.c.h; path = LibraryDataSource.h; sourceTree = "<group>"; };
		F4821AE41DEBC13300B322B9 /* LibraryDataSource.m */ = {isa = PBXFileReference; fileEncoding = 4; lastKnownFileType = sourcecode.c.objc; path = LibraryDataSource.m; sourceTree = "<group>"; };
		F4821AE71DEBC2B500B322B9 /* Base */ = {isa = PBXFileReference; lastKnownFileType = file.xib; name = Base; path = Base.lproj/Album.xib; sourceTree = "<group>"; };
		F4C601051DF52F4B00CA2177 /* HighlightButton.h */ = {isa = PBXFileReference; fileEncoding = 4; lastKnownFileType = sourcecode.c.h; path = HighlightButton.h; sourceTree = "<group>"; };
		F4C601061DF52F4B00CA2177 /* HighlightButton.m */ = {isa = PBXFileReference; fileEncoding = 4; lastKnownFileType = sourcecode.c.objc; path = HighlightButton.m; sourceTree = "<group>"; };
		F4D56F8D1DEA47DF00E81BA4 /* BluShepherd.app */ = {isa = PBXFileReference; explicitFileType = wrapper.application; includeInIndex = 0; path = BluShepherd.app; sourceTree = BUILT_PRODUCTS_DIR; };
		F4D56F901DEA47DF00E81BA4 /* AppDelegate.h */ = {isa = PBXFileReference; lastKnownFileType = sourcecode.c.h; path = AppDelegate.h; sourceTree = "<group>"; };
		F4D56F911DEA47DF00E81BA4 /* AppDelegate.m */ = {isa = PBXFileReference; lastKnownFileType = sourcecode.c.objc; path = AppDelegate.m; sourceTree = "<group>"; };
		F4D56F941DEA47DF00E81BA4 /* main.m */ = {isa = PBXFileReference; lastKnownFileType = sourcecode.c.objc; path = main.m; sourceTree = "<group>"; };
		F4D56F961DEA47DF00E81BA4 /* Assets.xcassets */ = {isa = PBXFileReference; lastKnownFileType = folder.assetcatalog; path = Assets.xcassets; sourceTree = "<group>"; };
		F4D56F991DEA47DF00E81BA4 /* Base */ = {isa = PBXFileReference; lastKnownFileType = file.xib; name = Base; path = Base.lproj/MainMenu.xib; sourceTree = "<group>"; };
		F4D56F9B1DEA47DF00E81BA4 /* Info.plist */ = {isa = PBXFileReference; lastKnownFileType = text.plist.xml; path = Info.plist; sourceTree = "<group>"; };
		F4D56FA11DEA48FD00E81BA4 /* PlayerList.h */ = {isa = PBXFileReference; fileEncoding = 4; lastKnownFileType = sourcecode.c.h; path = PlayerList.h; sourceTree = "<group>"; };
		F4D56FA21DEA48FD00E81BA4 /* PlayerList.m */ = {isa = PBXFileReference; fileEncoding = 4; lastKnownFileType = sourcecode.c.objc; path = PlayerList.m; sourceTree = "<group>"; };
		F4D56FA41DEA59AF00E81BA4 /* NSNetService-Util.h */ = {isa = PBXFileReference; fileEncoding = 4; lastKnownFileType = sourcecode.c.h; path = "NSNetService-Util.h"; sourceTree = "<group>"; };
		F4D56FA51DEA59AF00E81BA4 /* NSNetService-Util.m */ = {isa = PBXFileReference; fileEncoding = 4; lastKnownFileType = sourcecode.c.objc; path = "NSNetService-Util.m"; sourceTree = "<group>"; };
		F4D56FA71DEA5FE900E81BA4 /* blushepherd.pch */ = {isa = PBXFileReference; fileEncoding = 4; lastKnownFileType = sourcecode.c.h; path = blushepherd.pch; sourceTree = "<group>"; };
		F4D56FAE1DEA6A4500E81BA4 /* Base */ = {isa = PBXFileReference; lastKnownFileType = file.xib; name = Base; path = Base.lproj/Player.xib; sourceTree = "<group>"; };
		F4D56FB01DEAB62E00E81BA4 /* NowPlayingView.h */ = {isa = PBXFileReference; fileEncoding = 4; lastKnownFileType = sourcecode.c.h; path = NowPlayingView.h; sourceTree = "<group>"; };
		F4D56FB11DEAB62E00E81BA4 /* NowPlayingView.m */ = {isa = PBXFileReference; fileEncoding = 4; lastKnownFileType = sourcecode.c.objc; path = NowPlayingView.m; sourceTree = "<group>"; };
		F4D56FB21DEAB62E00E81BA4 /* NowPlayingView.xib */ = {isa = PBXFileReference; fileEncoding = 4; lastKnownFileType = file.xib; path = NowPlayingView.xib; sourceTree = "<group>"; };
		F4D56FB61DEB71D800E81BA4 /* Base */ = {isa = PBXFileReference; lastKnownFileType = image.png; name = Base; path = Base.lproj/pause.png; sourceTree = "<group>"; };
		F4D56FB81DEB71D800E81BA4 /* Base */ = {isa = PBXFileReference; lastKnownFileType = image.png; name = Base; path = Base.lproj/play.png; sourceTree = "<group>"; };
/* End PBXFileReference section */

/* Begin PBXFrameworksBuildPhase section */
		F4D56F8A1DEA47DF00E81BA4 /* Frameworks */ = {
			isa = PBXFrameworksBuildPhase;
			buildActionMask = 2147483647;
			files = (
				EFAE8D44689888A45F64C954 /* libPods-BluShepherd.a in Frameworks */,
			);
			runOnlyForDeploymentPostprocessing = 0;
		};
/* End PBXFrameworksBuildPhase section */

/* Begin PBXGroup section */
		20FF1D5FB29D0D21646946FA /* Pods */ = {
			isa = PBXGroup;
			children = (
				20C352302C60A4D8E37E3CB2 /* Pods-BluShepherd.debug.xcconfig */,
				8763B75C1E79B4B4997CCAEF /* Pods-BluShepherd.release.xcconfig */,
			);
			name = Pods;
			sourceTree = "<group>";
		};
		A90331F3F353AACAA0F39B1C /* Frameworks */ = {
			isa = PBXGroup;
			children = (
				BD4B00C2B18922CD4A98B00D /* libPods-BluShepherd.a */,
			);
			name = Frameworks;
			sourceTree = "<group>";
		};
		F4D56F841DEA47DF00E81BA4 = {
			isa = PBXGroup;
			children = (
				F4D56F8F1DEA47DF00E81BA4 /* BluShepherd */,
				F4D56F8E1DEA47DF00E81BA4 /* Products */,
				20FF1D5FB29D0D21646946FA /* Pods */,
				A90331F3F353AACAA0F39B1C /* Frameworks */,
			);
			sourceTree = "<group>";
		};
		F4D56F8E1DEA47DF00E81BA4 /* Products */ = {
			isa = PBXGroup;
			children = (
				F4D56F8D1DEA47DF00E81BA4 /* BluShepherd.app */,
			);
			name = Products;
			sourceTree = "<group>";
		};
		F4D56F8F1DEA47DF00E81BA4 /* BluShepherd */ = {
			isa = PBXGroup;
			children = (
				F4D56F901DEA47DF00E81BA4 /* AppDelegate.h */,
				F4D56F911DEA47DF00E81BA4 /* AppDelegate.m */,
				F4D56FA11DEA48FD00E81BA4 /* PlayerList.h */,
				F4D56FA21DEA48FD00E81BA4 /* PlayerList.m */,
				F4D56FAD1DEA6A4500E81BA4 /* Player.xib */,
				F4D56FB01DEAB62E00E81BA4 /* NowPlayingView.h */,
				F4D56FB11DEAB62E00E81BA4 /* NowPlayingView.m */,
				F4D56FB21DEAB62E00E81BA4 /* NowPlayingView.xib */,
				F4D56FA41DEA59AF00E81BA4 /* NSNetService-Util.h */,
				F4D56FA51DEA59AF00E81BA4 /* NSNetService-Util.m */,
				F4D56F961DEA47DF00E81BA4 /* Assets.xcassets */,
				F4D56F981DEA47DF00E81BA4 /* MainMenu.xib */,
				F4D56F9B1DEA47DF00E81BA4 /* Info.plist */,
				F4D56F931DEA47DF00E81BA4 /* Supporting Files */,
				F4821AE31DEBC13300B322B9 /* LibraryDataSource.h */,
				F4821AE41DEBC13300B322B9 /* LibraryDataSource.m */,
				F4821AE61DEBC2B500B322B9 /* Album.xib */,
				F4307CFF1DFE3D800010473B /* AlbumPopup.xib */,
				F43FB82F1DF4C5BD002BBCAC /* CoverArtCache.h */,
				F43FB8301DF4C5BD002BBCAC /* CoverArtCache.m */,
				F4C601051DF52F4B00CA2177 /* HighlightButton.h */,
				F4C601061DF52F4B00CA2177 /* HighlightButton.m */,
				F41327941DFE569600BAABCD /* ClickableView.h */,
				F41327951DFE569600BAABCD /* ClickableView.m */,
			);
			path = BluShepherd;
			sourceTree = "<group>";
		};
		F4D56F931DEA47DF00E81BA4 /* Supporting Files */ = {
			isa = PBXGroup;
			children = (
				F40B82371E19D03F0057E7EB /* shuffle_on.png */,
				F40B82391E19D03F0057E7EB /* shuffle.png */,
				F40B823B1E19D03F0057E7EB /* repeat_1.png */,
				F40B823D1E19D03F0057E7EB /* repeat_on.png */,
				F40B823F1E19D03F0057E7EB /* repeat.png */,
				F40B82411E19D03F0057E7EB /* bwd.png */,
				F40B82431E19D03F0057E7EB /* fwd.png */,
				F40B82301E19CB520057E7EB /* play_album_hover.png */,
				F40B82321E19CB520057E7EB /* play_album_def.png */,
				F4D56FB51DEB71D800E81BA4 /* pause.png */,
				F4D56FB71DEB71D800E81BA4 /* play.png */,
				F4D56FA71DEA5FE900E81BA4 /* blushepherd.pch */,
				F4D56F941DEA47DF00E81BA4 /* main.m */,
			);
			name = "Supporting Files";
			sourceTree = "<group>";
		};
/* End PBXGroup section */

/* Begin PBXNativeTarget section */
		F4D56F8C1DEA47DF00E81BA4 /* BluShepherd */ = {
			isa = PBXNativeTarget;
			buildConfigurationList = F4D56F9E1DEA47DF00E81BA4 /* Build configuration list for PBXNativeTarget "BluShepherd" */;
			buildPhases = (
				8C4D7314D3EFFE973E80412D /* 📦 Check Pods Manifest.lock */,
				F4D56F891DEA47DF00E81BA4 /* Sources */,
				F4D56F8A1DEA47DF00E81BA4 /* Frameworks */,
				F4D56F8B1DEA47DF00E81BA4 /* Resources */,
				E5A597BC639884F1E64080EE /* 📦 Embed Pods Frameworks */,
				48C9DC0637977D165EE320CB /* 📦 Copy Pods Resources */,
			);
			buildRules = (
			);
			dependencies = (
			);
			name = BluShepherd;
			productName = BluShepherd;
			productReference = F4D56F8D1DEA47DF00E81BA4 /* BluShepherd.app */;
			productType = "com.apple.product-type.application";
		};
/* End PBXNativeTarget section */

/* Begin PBXProject section */
		F4D56F851DEA47DF00E81BA4 /* Project object */ = {
			isa = PBXProject;
			attributes = {
				LastUpgradeCheck = 0720;
				ORGANIZATIONNAME = "Simon Fell";
				TargetAttributes = {
					F4D56F8C1DEA47DF00E81BA4 = {
						CreatedOnToolsVersion = 7.2.1;
					};
				};
			};
			buildConfigurationList = F4D56F881DEA47DF00E81BA4 /* Build configuration list for PBXProject "BluShepherd" */;
			compatibilityVersion = "Xcode 3.2";
			developmentRegion = English;
			hasScannedForEncodings = 0;
			knownRegions = (
				en,
				Base,
			);
			mainGroup = F4D56F841DEA47DF00E81BA4;
			productRefGroup = F4D56F8E1DEA47DF00E81BA4 /* Products */;
			projectDirPath = "";
			projectRoot = "";
			targets = (
				F4D56F8C1DEA47DF00E81BA4 /* BluShepherd */,
			);
		};
/* End PBXProject section */

/* Begin PBXResourcesBuildPhase section */
		F4D56F8B1DEA47DF00E81BA4 /* Resources */ = {
			isa = PBXResourcesBuildPhase;
			buildActionMask = 2147483647;
			files = (
				F40B82451E19D03F0057E7EB /* shuffle_on.png in Resources */,
				F40B82351E19CB520057E7EB /* play_album_hover.png in Resources */,
				F4D56FAF1DEA6A4500E81BA4 /* Player.xib in Resources */,
				F40B82461E19D03F0057E7EB /* shuffle.png in Resources */,
				F4D56F971DEA47DF00E81BA4 /* Assets.xcassets in Resources */,
				F40B824B1E19D03F0057E7EB /* fwd.png in Resources */,
				F40B82471E19D03F0057E7EB /* repeat_1.png in Resources */,
				F4821AE81DEBC2B500B322B9 /* Album.xib in Resources */,
				F40B824A1E19D03F0057E7EB /* bwd.png in Resources */,
				F40B82481E19D03F0057E7EB /* repeat_on.png in Resources */,
				F4D56FB91DEB71D800E81BA4 /* pause.png in Resources */,
				F40B82491E19D03F0057E7EB /* repeat.png in Resources */,
				F4D56FB41DEAB62E00E81BA4 /* NowPlayingView.xib in Resources */,
				F4D56F9A1DEA47DF00E81BA4 /* MainMenu.xib in Resources */,
				F4D56FBA1DEB71D800E81BA4 /* play.png in Resources */,
				F40B82361E19CB520057E7EB /* play_album_def.png in Resources */,
				F4307D011DFE3D800010473B /* AlbumPopup.xib in Resources */,
			);
			runOnlyForDeploymentPostprocessing = 0;
		};
/* End PBXResourcesBuildPhase section */

/* Begin PBXShellScriptBuildPhase section */
		48C9DC0637977D165EE320CB /* 📦 Copy Pods Resources */ = {
			isa = PBXShellScriptBuildPhase;
			buildActionMask = 2147483647;
			files = (
			);
			inputPaths = (
			);
			name = "📦 Copy Pods Resources";
			outputPaths = (
			);
			runOnlyForDeploymentPostprocessing = 0;
			shellPath = /bin/sh;
			shellScript = "\"${SRCROOT}/Pods/Target Support Files/Pods-BluShepherd/Pods-BluShepherd-resources.sh\"\n";
			showEnvVarsInLog = 0;
		};
		8C4D7314D3EFFE973E80412D /* 📦 Check Pods Manifest.lock */ = {
			isa = PBXShellScriptBuildPhase;
			buildActionMask = 2147483647;
			files = (
			);
			inputPaths = (
			);
			name = "📦 Check Pods Manifest.lock";
			outputPaths = (
			);
			runOnlyForDeploymentPostprocessing = 0;
			shellPath = /bin/sh;
			shellScript = "diff \"${PODS_ROOT}/../Podfile.lock\" \"${PODS_ROOT}/Manifest.lock\" > /dev/null\nif [[ $? != 0 ]] ; then\n    cat << EOM\nerror: The sandbox is not in sync with the Podfile.lock. Run 'pod install' or update your CocoaPods installation.\nEOM\n    exit 1\nfi\n";
			showEnvVarsInLog = 0;
		};
		E5A597BC639884F1E64080EE /* 📦 Embed Pods Frameworks */ = {
			isa = PBXShellScriptBuildPhase;
			buildActionMask = 2147483647;
			files = (
			);
			inputPaths = (
			);
			name = "📦 Embed Pods Frameworks";
			outputPaths = (
			);
			runOnlyForDeploymentPostprocessing = 0;
			shellPath = /bin/sh;
			shellScript = "\"${SRCROOT}/Pods/Target Support Files/Pods-BluShepherd/Pods-BluShepherd-frameworks.sh\"\n";
			showEnvVarsInLog = 0;
		};
/* End PBXShellScriptBuildPhase section */

/* Begin PBXSourcesBuildPhase section */
		F4D56F891DEA47DF00E81BA4 /* Sources */ = {
			isa = PBXSourcesBuildPhase;
			buildActionMask = 2147483647;
			files = (
				F41327961DFE569600BAABCD /* ClickableView.m in Sources */,
				F4C601071DF52F4B00CA2177 /* HighlightButton.m in Sources */,
				F4821AE51DEBC13300B322B9 /* LibraryDataSource.m in Sources */,
				F4D56FA31DEA48FD00E81BA4 /* PlayerList.m in Sources */,
				F4D56F951DEA47DF00E81BA4 /* main.m in Sources */,
				F4D56FB31DEAB62E00E81BA4 /* NowPlayingView.m in Sources */,
				F4D56FA61DEA59AF00E81BA4 /* NSNetService-Util.m in Sources */,
				F4D56F921DEA47DF00E81BA4 /* AppDelegate.m in Sources */,
				F43FB8311DF4C5BD002BBCAC /* CoverArtCache.m in Sources */,
			);
			runOnlyForDeploymentPostprocessing = 0;
		};
/* End PBXSourcesBuildPhase section */

/* Begin PBXVariantGroup section */
		F40B82301E19CB520057E7EB /* play_album_hover.png */ = {
			isa = PBXVariantGroup;
			children = (
				F40B82311E19CB520057E7EB /* Base */,
			);
			name = play_album_hover.png;
			sourceTree = "<group>";
		};
		F40B82321E19CB520057E7EB /* play_album_def.png */ = {
			isa = PBXVariantGroup;
			children = (
				F40B82331E19CB520057E7EB /* Base */,
			);
			name = play_album_def.png;
			sourceTree = "<group>";
		};
		F40B82371E19D03F0057E7EB /* shuffle_on.png */ = {
			isa = PBXVariantGroup;
			children = (
				F40B82381E19D03F0057E7EB /* Base */,
			);
			name = shuffle_on.png;
			sourceTree = "<group>";
		};
		F40B82391E19D03F0057E7EB /* shuffle.png */ = {
			isa = PBXVariantGroup;
			children = (
				F40B823A1E19D03F0057E7EB /* Base */,
			);
			name = shuffle.png;
			sourceTree = "<group>";
		};
		F40B823B1E19D03F0057E7EB /* repeat_1.png */ = {
			isa = PBXVariantGroup;
			children = (
				F40B823C1E19D03F0057E7EB /* Base */,
			);
			name = repeat_1.png;
			sourceTree = "<group>";
		};
		F40B823D1E19D03F0057E7EB /* repeat_on.png */ = {
			isa = PBXVariantGroup;
			children = (
				F40B823E1E19D03F0057E7EB /* Base */,
			);
			name = repeat_on.png;
			sourceTree = "<group>";
		};
		F40B823F1E19D03F0057E7EB /* repeat.png */ = {
			isa = PBXVariantGroup;
			children = (
				F40B82401E19D03F0057E7EB /* Base */,
			);
			name = repeat.png;
			sourceTree = "<group>";
		};
		F40B82411E19D03F0057E7EB /* bwd.png */ = {
			isa = PBXVariantGroup;
			children = (
				F40B82421E19D03F0057E7EB /* Base */,
			);
			name = bwd.png;
			sourceTree = "<group>";
		};
		F40B82431E19D03F0057E7EB /* fwd.png */ = {
			isa = PBXVariantGroup;
			children = (
				F40B82441E19D03F0057E7EB /* Base */,
			);
			name = fwd.png;
			sourceTree = "<group>";
		};
		F4307CFF1DFE3D800010473B /* AlbumPopup.xib */ = {
			isa = PBXVariantGroup;
			children = (
				F4307D001DFE3D800010473B /* Base */,
			);
			name = AlbumPopup.xib;
			sourceTree = "<group>";
		};
		F4821AE61DEBC2B500B322B9 /* Album.xib */ = {
			isa = PBXVariantGroup;
			children = (
				F4821AE71DEBC2B500B322B9 /* Base */,
			);
			name = Album.xib;
			sourceTree = "<group>";
		};
		F4D56F981DEA47DF00E81BA4 /* MainMenu.xib */ = {
			isa = PBXVariantGroup;
			children = (
				F4D56F991DEA47DF00E81BA4 /* Base */,
			);
			name = MainMenu.xib;
			sourceTree = "<group>";
		};
		F4D56FAD1DEA6A4500E81BA4 /* Player.xib */ = {
			isa = PBXVariantGroup;
			children = (
				F4D56FAE1DEA6A4500E81BA4 /* Base */,
			);
			name = Player.xib;
			sourceTree = "<group>";
		};
		F4D56FB51DEB71D800E81BA4 /* pause.png */ = {
			isa = PBXVariantGroup;
			children = (
				F4D56FB61DEB71D800E81BA4 /* Base */,
			);
			name = pause.png;
			sourceTree = "<group>";
		};
		F4D56FB71DEB71D800E81BA4 /* play.png */ = {
			isa = PBXVariantGroup;
			children = (
				F4D56FB81DEB71D800E81BA4 /* Base */,
			);
			name = play.png;
			sourceTree = "<group>";
		};
/* End PBXVariantGroup section */

/* Begin XCBuildConfiguration section */
		F4D56F9C1DEA47DF00E81BA4 /* Debug */ = {
			isa = XCBuildConfiguration;
			buildSettings = {
				ALWAYS_SEARCH_USER_PATHS = NO;
				CLANG_CXX_LANGUAGE_STANDARD = "gnu++0x";
				CLANG_CXX_LIBRARY = "libc++";
				CLANG_ENABLE_MODULES = YES;
				CLANG_ENABLE_OBJC_ARC = YES;
				CLANG_WARN_BOOL_CONVERSION = YES;
				CLANG_WARN_CONSTANT_CONVERSION = YES;
				CLANG_WARN_DIRECT_OBJC_ISA_USAGE = YES_ERROR;
				CLANG_WARN_EMPTY_BODY = YES;
				CLANG_WARN_ENUM_CONVERSION = YES;
				CLANG_WARN_INT_CONVERSION = YES;
				CLANG_WARN_OBJC_ROOT_CLASS = YES_ERROR;
				CLANG_WARN_UNREACHABLE_CODE = YES;
				CLANG_WARN__DUPLICATE_METHOD_MATCH = YES;
				CODE_SIGN_IDENTITY = "-";
				COPY_PHASE_STRIP = NO;
				DEBUG_INFORMATION_FORMAT = dwarf;
				ENABLE_STRICT_OBJC_MSGSEND = YES;
				ENABLE_TESTABILITY = YES;
				GCC_C_LANGUAGE_STANDARD = gnu99;
				GCC_DYNAMIC_NO_PIC = NO;
				GCC_NO_COMMON_BLOCKS = YES;
				GCC_OPTIMIZATION_LEVEL = 0;
				GCC_PREPROCESSOR_DEFINITIONS = (
					"DEBUG=1",
					"$(inherited)",
				);
				GCC_WARN_64_TO_32_BIT_CONVERSION = YES;
				GCC_WARN_ABOUT_RETURN_TYPE = YES_ERROR;
				GCC_WARN_UNDECLARED_SELECTOR = YES;
				GCC_WARN_UNINITIALIZED_AUTOS = YES_AGGRESSIVE;
				GCC_WARN_UNUSED_FUNCTION = YES;
				GCC_WARN_UNUSED_VARIABLE = YES;
				MACOSX_DEPLOYMENT_TARGET = 10.11;
				MTL_ENABLE_DEBUG_INFO = YES;
				ONLY_ACTIVE_ARCH = YES;
				SDKROOT = macosx;
			};
			name = Debug;
		};
		F4D56F9D1DEA47DF00E81BA4 /* Release */ = {
			isa = XCBuildConfiguration;
			buildSettings = {
				ALWAYS_SEARCH_USER_PATHS = NO;
				CLANG_CXX_LANGUAGE_STANDARD = "gnu++0x";
				CLANG_CXX_LIBRARY = "libc++";
				CLANG_ENABLE_MODULES = YES;
				CLANG_ENABLE_OBJC_ARC = YES;
				CLANG_WARN_BOOL_CONVERSION = YES;
				CLANG_WARN_CONSTANT_CONVERSION = YES;
				CLANG_WARN_DIRECT_OBJC_ISA_USAGE = YES_ERROR;
				CLANG_WARN_EMPTY_BODY = YES;
				CLANG_WARN_ENUM_CONVERSION = YES;
				CLANG_WARN_INT_CONVERSION = YES;
				CLANG_WARN_OBJC_ROOT_CLASS = YES_ERROR;
				CLANG_WARN_UNREACHABLE_CODE = YES;
				CLANG_WARN__DUPLICATE_METHOD_MATCH = YES;
				CODE_SIGN_IDENTITY = "-";
				COPY_PHASE_STRIP = NO;
				DEBUG_INFORMATION_FORMAT = "dwarf-with-dsym";
				ENABLE_NS_ASSERTIONS = NO;
				ENABLE_STRICT_OBJC_MSGSEND = YES;
				GCC_C_LANGUAGE_STANDARD = gnu99;
				GCC_NO_COMMON_BLOCKS = YES;
				GCC_WARN_64_TO_32_BIT_CONVERSION = YES;
				GCC_WARN_ABOUT_RETURN_TYPE = YES_ERROR;
				GCC_WARN_UNDECLARED_SELECTOR = YES;
				GCC_WARN_UNINITIALIZED_AUTOS = YES_AGGRESSIVE;
				GCC_WARN_UNUSED_FUNCTION = YES;
				GCC_WARN_UNUSED_VARIABLE = YES;
				MACOSX_DEPLOYMENT_TARGET = 10.11;
				MTL_ENABLE_DEBUG_INFO = NO;
				SDKROOT = macosx;
			};
			name = Release;
		};
		F4D56F9F1DEA47DF00E81BA4 /* Debug */ = {
			isa = XCBuildConfiguration;
			baseConfigurationReference = 20C352302C60A4D8E37E3CB2 /* Pods-BluShepherd.debug.xcconfig */;
			buildSettings = {
				ASSETCATALOG_COMPILER_APPICON_NAME = AppIcon;
				COMBINE_HIDPI_IMAGES = YES;
				GCC_PRECOMPILE_PREFIX_HEADER = YES;
				GCC_PREFIX_HEADER = BluShepherd/blushepherd.pch;
				INFOPLIST_FILE = BluShepherd/Info.plist;
				LD_RUNPATH_SEARCH_PATHS = "$(inherited) @executable_path/../Frameworks";
				PRODUCT_BUNDLE_IDENTIFIER = com.pocketsoap.BluShepherd;
				PRODUCT_NAME = "$(TARGET_NAME)";
			};
			name = Debug;
		};
		F4D56FA01DEA47DF00E81BA4 /* Release */ = {
			isa = XCBuildConfiguration;
			baseConfigurationReference = 8763B75C1E79B4B4997CCAEF /* Pods-BluShepherd.release.xcconfig */;
			buildSettings = {
				ASSETCATALOG_COMPILER_APPICON_NAME = AppIcon;
				COMBINE_HIDPI_IMAGES = YES;
				GCC_PRECOMPILE_PREFIX_HEADER = YES;
				GCC_PREFIX_HEADER = BluShepherd/blushepherd.pch;
				INFOPLIST_FILE = BluShepherd/Info.plist;
				LD_RUNPATH_SEARCH_PATHS = "$(inherited) @executable_path/../Frameworks";
				PRODUCT_BUNDLE_IDENTIFIER = com.pocketsoap.BluShepherd;
				PRODUCT_NAME = "$(TARGET_NAME)";
			};
			name = Release;
		};
/* End XCBuildConfiguration section */

/* Begin XCConfigurationList section */
		F4D56F881DEA47DF00E81BA4 /* Build configuration list for PBXProject "BluShepherd" */ = {
			isa = XCConfigurationList;
			buildConfigurations = (
				F4D56F9C1DEA47DF00E81BA4 /* Debug */,
				F4D56F9D1DEA47DF00E81BA4 /* Release */,
			);
			defaultConfigurationIsVisible = 0;
			defaultConfigurationName = Release;
		};
		F4D56F9E1DEA47DF00E81BA4 /* Build configuration list for PBXNativeTarget "BluShepherd" */ = {
			isa = XCConfigurationList;
			buildConfigurations = (
				F4D56F9F1DEA47DF00E81BA4 /* Debug */,
				F4D56FA01DEA47DF00E81BA4 /* Release */,
			);
			defaultConfigurationIsVisible = 0;
			defaultConfigurationName = Release;
		};
/* End XCConfigurationList section */
	};
	rootObject = F4D56F851DEA47DF00E81BA4 /* Project object */;
}
